// !$*UTF8*$!
{
	archiveVersion = 1;
	classes = {
	};
	objectVersion = 46;
	objects = {

/* Begin PBXBuildFile section */
		091C48851C72BF8900859CFC /* main.m in Sources */ = {isa = PBXBuildFile; fileRef = 091C48841C72BF8900859CFC /* main.m */; };
		091C48881C72BF8900859CFC /* AppDelegate.m in Sources */ = {isa = PBXBuildFile; fileRef = 091C48871C72BF8900859CFC /* AppDelegate.m */; };
		091C488A1C72BF8900859CFC /* Assets.xcassets in Resources */ = {isa = PBXBuildFile; fileRef = 091C48891C72BF8900859CFC /* Assets.xcassets */; };
		091C488D1C72BF8900859CFC /* LaunchScreen.storyboard in Resources */ = {isa = PBXBuildFile; fileRef = 091C488B1C72BF8900859CFC /* LaunchScreen.storyboard */; };
		091C489E1C72BFBB00859CFC /* ALView+PureLayout.m in Sources */ = {isa = PBXBuildFile; fileRef = 091C48961C72BFBB00859CFC /* ALView+PureLayout.m */; };
		091C489F1C72BFBB00859CFC /* NSArray+PureLayout.m in Sources */ = {isa = PBXBuildFile; fileRef = 091C48981C72BFBB00859CFC /* NSArray+PureLayout.m */; };
		091C48A01C72BFBB00859CFC /* NSLayoutConstraint+PureLayout.m in Sources */ = {isa = PBXBuildFile; fileRef = 091C489A1C72BFBB00859CFC /* NSLayoutConstraint+PureLayout.m */; };
		091C48A31C72BFCE00859CFC /* MainTableViewController.m in Sources */ = {isa = PBXBuildFile; fileRef = 091C48A21C72BFCE00859CFC /* MainTableViewController.m */; };
		091E77021C730A1400FFDF72 /* CustomPresentationFirstViewController.m in Sources */ = {isa = PBXBuildFile; fileRef = 091E77011C730A1400FFDF72 /* CustomPresentationFirstViewController.m */; };
		091E77051C730A2100FFDF72 /* CustomPresentationSecondViewController.m in Sources */ = {isa = PBXBuildFile; fileRef = 091E77041C730A2100FFDF72 /* CustomPresentationSecondViewController.m */; };
		091E77081C730A4300FFDF72 /* CustomPresentationController.m in Sources */ = {isa = PBXBuildFile; fileRef = 091E77071C730A4300FFDF72 /* CustomPresentationController.m */; };
		09495FDC1C741229001CAEC8 /* AAPLCustomPresentationController.m in Sources */ = {isa = PBXBuildFile; fileRef = 09495FDB1C741229001CAEC8 /* AAPLCustomPresentationController.m */; };
		09BF0DEB1C72C37500CF5300 /* CrossDissolveFirstViewController.m in Sources */ = {isa = PBXBuildFile; fileRef = 09BF0DEA1C72C37500CF5300 /* CrossDissolveFirstViewController.m */; };
		09BF0DEE1C72C38300CF5300 /* CrossDissolveSecondViewController.m in Sources */ = {isa = PBXBuildFile; fileRef = 09BF0DED1C72C38300CF5300 /* CrossDissolveSecondViewController.m */; };
		09BF0DF41C72C78B00CF5300 /* CrossDissolveTransitionAnimator.m in Sources */ = {isa = PBXBuildFile; fileRef = 09BF0DF31C72C78B00CF5300 /* CrossDissolveTransitionAnimator.m */; };
		09BF0DF91C72CCC600CF5300 /* SwipeFirstViewController.m in Sources */ = {isa = PBXBuildFile; fileRef = 09BF0DF81C72CCC600CF5300 /* SwipeFirstViewController.m */; };
		09BF0DFC1C72CCD500CF5300 /* SwipeSecondViewController.m in Sources */ = {isa = PBXBuildFile; fileRef = 09BF0DFB1C72CCD500CF5300 /* SwipeSecondViewController.m */; };
		09BF0DFF1C72CCE900CF5300 /* SwipeAnimator.m in Sources */ = {isa = PBXBuildFile; fileRef = 09BF0DFE1C72CCE900CF5300 /* SwipeAnimator.m */; };
		09BF0E031C72CD8D00CF5300 /* SwipeTransitionDelegate.m in Sources */ = {isa = PBXBuildFile; fileRef = 09BF0E021C72CD8D00CF5300 /* SwipeTransitionDelegate.m */; };
		09BF0E061C72CDBD00CF5300 /* SwipeTransitionInteractionController.m in Sources */ = {isa = PBXBuildFile; fileRef = 09BF0E051C72CDBD00CF5300 /* SwipeTransitionInteractionController.m */; };
/* End PBXBuildFile section */

/* Begin PBXFileReference section */
		091C48801C72BF8900859CFC /* ZBTransition.app */ = {isa = PBXFileReference; explicitFileType = wrapper.application; includeInIndex = 0; path = ZBTransition.app; sourceTree = BUILT_PRODUCTS_DIR; };
		091C48841C72BF8900859CFC /* main.m */ = {isa = PBXFileReference; lastKnownFileType = sourcecode.c.objc; path = main.m; sourceTree = "<group>"; };
		091C48861C72BF8900859CFC /* AppDelegate.h */ = {isa = PBXFileReference; lastKnownFileType = sourcecode.c.h; path = AppDelegate.h; sourceTree = "<group>"; };
		091C48871C72BF8900859CFC /* AppDelegate.m */ = {isa = PBXFileReference; lastKnownFileType = sourcecode.c.objc; path = AppDelegate.m; sourceTree = "<group>"; };
		091C48891C72BF8900859CFC /* Assets.xcassets */ = {isa = PBXFileReference; lastKnownFileType = folder.assetcatalog; path = Assets.xcassets; sourceTree = "<group>"; };
		091C488C1C72BF8900859CFC /* Base */ = {isa = PBXFileReference; lastKnownFileType = file.storyboard; name = Base; path = Base.lproj/LaunchScreen.storyboard; sourceTree = "<group>"; };
		091C488E1C72BF8900859CFC /* Info.plist */ = {isa = PBXFileReference; lastKnownFileType = text.plist.xml; path = Info.plist; sourceTree = "<group>"; };
		091C48951C72BFBB00859CFC /* ALView+PureLayout.h */ = {isa = PBXFileReference; fileEncoding = 4; lastKnownFileType = sourcecode.c.h; path = "ALView+PureLayout.h"; sourceTree = "<group>"; };
		091C48961C72BFBB00859CFC /* ALView+PureLayout.m */ = {isa = PBXFileReference; fileEncoding = 4; lastKnownFileType = sourcecode.c.objc; path = "ALView+PureLayout.m"; sourceTree = "<group>"; };
		091C48971C72BFBB00859CFC /* NSArray+PureLayout.h */ = {isa = PBXFileReference; fileEncoding = 4; lastKnownFileType = sourcecode.c.h; path = "NSArray+PureLayout.h"; sourceTree = "<group>"; };
		091C48981C72BFBB00859CFC /* NSArray+PureLayout.m */ = {isa = PBXFileReference; fileEncoding = 4; lastKnownFileType = sourcecode.c.objc; path = "NSArray+PureLayout.m"; sourceTree = "<group>"; };
		091C48991C72BFBB00859CFC /* NSLayoutConstraint+PureLayout.h */ = {isa = PBXFileReference; fileEncoding = 4; lastKnownFileType = sourcecode.c.h; path = "NSLayoutConstraint+PureLayout.h"; sourceTree = "<group>"; };
		091C489A1C72BFBB00859CFC /* NSLayoutConstraint+PureLayout.m */ = {isa = PBXFileReference; fileEncoding = 4; lastKnownFileType = sourcecode.c.objc; path = "NSLayoutConstraint+PureLayout.m"; sourceTree = "<group>"; };
		091C489B1C72BFBB00859CFC /* PureLayout.h */ = {isa = PBXFileReference; fileEncoding = 4; lastKnownFileType = sourcecode.c.h; path = PureLayout.h; sourceTree = "<group>"; };
		091C489C1C72BFBB00859CFC /* PureLayout+Internal.h */ = {isa = PBXFileReference; fileEncoding = 4; lastKnownFileType = sourcecode.c.h; path = "PureLayout+Internal.h"; sourceTree = "<group>"; };
		091C489D1C72BFBB00859CFC /* PureLayoutDefines.h */ = {isa = PBXFileReference; fileEncoding = 4; lastKnownFileType = sourcecode.c.h; path = PureLayoutDefines.h; sourceTree = "<group>"; };
		091C48A11C72BFCE00859CFC /* MainTableViewController.h */ = {isa = PBXFileReference; fileEncoding = 4; lastKnownFileType = sourcecode.c.h; path = MainTableViewController.h; sourceTree = "<group>"; };
		091C48A21C72BFCE00859CFC /* MainTableViewController.m */ = {isa = PBXFileReference; fileEncoding = 4; lastKnownFileType = sourcecode.c.objc; path = MainTableViewController.m; sourceTree = "<group>"; };
		091E77001C730A1400FFDF72 /* CustomPresentationFirstViewController.h */ = {isa = PBXFileReference; fileEncoding = 4; lastKnownFileType = sourcecode.c.h; path = CustomPresentationFirstViewController.h; sourceTree = "<group>"; };
		091E77011C730A1400FFDF72 /* CustomPresentationFirstViewController.m */ = {isa = PBXFileReference; fileEncoding = 4; lastKnownFileType = sourcecode.c.objc; path = CustomPresentationFirstViewController.m; sourceTree = "<group>"; };
		091E77031C730A2100FFDF72 /* CustomPresentationSecondViewController.h */ = {isa = PBXFileReference; fileEncoding = 4; lastKnownFileType = sourcecode.c.h; path = CustomPresentationSecondViewController.h; sourceTree = "<group>"; };
		091E77041C730A2100FFDF72 /* CustomPresentationSecondViewController.m */ = {isa = PBXFileReference; fileEncoding = 4; lastKnownFileType = sourcecode.c.objc; path = CustomPresentationSecondViewController.m; sourceTree = "<group>"; };
		091E77061C730A4300FFDF72 /* CustomPresentationController.h */ = {isa = PBXFileReference; fileEncoding = 4; lastKnownFileType = sourcecode.c.h; path = CustomPresentationController.h; sourceTree = "<group>"; };
		091E77071C730A4300FFDF72 /* CustomPresentationController.m */ = {isa = PBXFileReference; fileEncoding = 4; lastKnownFileType = sourcecode.c.objc; path = CustomPresentationController.m; sourceTree = "<group>"; };
		09495FDA1C741229001CAEC8 /* AAPLCustomPresentationController.h */ = {isa = PBXFileReference; fileEncoding = 4; lastKnownFileType = sourcecode.c.h; path = AAPLCustomPresentationController.h; sourceTree = "<group>"; };
		09495FDB1C741229001CAEC8 /* AAPLCustomPresentationController.m */ = {isa = PBXFileReference; fileEncoding = 4; lastKnownFileType = sourcecode.c.objc; path = AAPLCustomPresentationController.m; sourceTree = "<group>"; };
		09BF0DE91C72C37500CF5300 /* CrossDissolveFirstViewController.h */ = {isa = PBXFileReference; fileEncoding = 4; lastKnownFileType = sourcecode.c.h; path = CrossDissolveFirstViewController.h; sourceTree = "<group>"; };
		09BF0DEA1C72C37500CF5300 /* CrossDissolveFirstViewController.m */ = {isa = PBXFileReference; fileEncoding = 4; lastKnownFileType = sourcecode.c.objc; path = CrossDissolveFirstViewController.m; sourceTree = "<group>"; };
		09BF0DEC1C72C38300CF5300 /* CrossDissolveSecondViewController.h */ = {isa = PBXFileReference; fileEncoding = 4; lastKnownFileType = sourcecode.c.h; path = CrossDissolveSecondViewController.h; sourceTree = "<group>"; };
		09BF0DED1C72C38300CF5300 /* CrossDissolveSecondViewController.m */ = {isa = PBXFileReference; fileEncoding = 4; lastKnownFileType = sourcecode.c.objc; path = CrossDissolveSecondViewController.m; sourceTree = "<group>"; };
		09BF0DF21C72C78B00CF5300 /* CrossDissolveTransitionAnimator.h */ = {isa = PBXFileReference; fileEncoding = 4; lastKnownFileType = sourcecode.c.h; path = CrossDissolveTransitionAnimator.h; sourceTree = "<group>"; };
		09BF0DF31C72C78B00CF5300 /* CrossDissolveTransitionAnimator.m */ = {isa = PBXFileReference; fileEncoding = 4; lastKnownFileType = sourcecode.c.objc; path = CrossDissolveTransitionAnimator.m; sourceTree = "<group>"; };
		09BF0DF71C72CCC600CF5300 /* SwipeFirstViewController.h */ = {isa = PBXFileReference; fileEncoding = 4; lastKnownFileType = sourcecode.c.h; path = SwipeFirstViewController.h; sourceTree = "<group>"; };
		09BF0DF81C72CCC600CF5300 /* SwipeFirstViewController.m */ = {isa = PBXFileReference; fileEncoding = 4; lastKnownFileType = sourcecode.c.objc; path = SwipeFirstViewController.m; sourceTree = "<group>"; };
		09BF0DFA1C72CCD500CF5300 /* SwipeSecondViewController.h */ = {isa = PBXFileReference; fileEncoding = 4; lastKnownFileType = sourcecode.c.h; path = SwipeSecondViewController.h; sourceTree = "<group>"; };
		09BF0DFB1C72CCD500CF5300 /* SwipeSecondViewController.m */ = {isa = PBXFileReference; fileEncoding = 4; lastKnownFileType = sourcecode.c.objc; path = SwipeSecondViewController.m; sourceTree = "<group>"; };
		09BF0DFD1C72CCE900CF5300 /* SwipeAnimator.h */ = {isa = PBXFileReference; fileEncoding = 4; lastKnownFileType = sourcecode.c.h; path = SwipeAnimator.h; sourceTree = "<group>"; };
		09BF0DFE1C72CCE900CF5300 /* SwipeAnimator.m */ = {isa = PBXFileReference; fileEncoding = 4; lastKnownFileType = sourcecode.c.objc; path = SwipeAnimator.m; sourceTree = "<group>"; };
		09BF0E011C72CD8D00CF5300 /* SwipeTransitionDelegate.h */ = {isa = PBXFileReference; fileEncoding = 4; lastKnownFileType = sourcecode.c.h; path = SwipeTransitionDelegate.h; sourceTree = "<group>"; };
		09BF0E021C72CD8D00CF5300 /* SwipeTransitionDelegate.m */ = {isa = PBXFileReference; fileEncoding = 4; lastKnownFileType = sourcecode.c.objc; path = SwipeTransitionDelegate.m; sourceTree = "<group>"; };
		09BF0E041C72CDBD00CF5300 /* SwipeTransitionInteractionController.h */ = {isa = PBXFileReference; fileEncoding = 4; lastKnownFileType = sourcecode.c.h; path = SwipeTransitionInteractionController.h; sourceTree = "<group>"; };
		09BF0E051C72CDBD00CF5300 /* SwipeTransitionInteractionController.m */ = {isa = PBXFileReference; fileEncoding = 4; lastKnownFileType = sourcecode.c.objc; path = SwipeTransitionInteractionController.m; sourceTree = "<group>"; };
/* End PBXFileReference section */

/* Begin PBXFrameworksBuildPhase section */
		091C487D1C72BF8900859CFC /* Frameworks */ = {
			isa = PBXFrameworksBuildPhase;
			buildActionMask = 2147483647;
			files = (
			);
			runOnlyForDeploymentPostprocessing = 0;
		};
/* End PBXFrameworksBuildPhase section */

/* Begin PBXGroup section */
		091C48771C72BF8900859CFC = {
			isa = PBXGroup;
			children = (
				091C48821C72BF8900859CFC /* ZBTransition */,
				091C48811C72BF8900859CFC /* Products */,
			);
			sourceTree = "<group>";
		};
		091C48811C72BF8900859CFC /* Products */ = {
			isa = PBXGroup;
			children = (
				091C48801C72BF8900859CFC /* ZBTransition.app */,
			);
			name = Products;
			sourceTree = "<group>";
		};
		091C48821C72BF8900859CFC /* ZBTransition */ = {
			isa = PBXGroup;
			children = (
				091C48941C72BFAF00859CFC /* PureLayout */,
				091C48861C72BF8900859CFC /* AppDelegate.h */,
				091C48871C72BF8900859CFC /* AppDelegate.m */,
				091C48A11C72BFCE00859CFC /* MainTableViewController.h */,
				091C48A21C72BFCE00859CFC /* MainTableViewController.m */,
				091E76FC1C7309C200FFDF72 /* Custom Presentation */,
				09BF0E001C72CCF000CF5300 /* Swipe */,
				09BF0DF51C72CB6B00CF5300 /* CrossDissolve */,
				091C48891C72BF8900859CFC /* Assets.xcassets */,
				091C488B1C72BF8900859CFC /* LaunchScreen.storyboard */,
				091C488E1C72BF8900859CFC /* Info.plist */,
				091C48831C72BF8900859CFC /* Supporting Files */,
			);
			path = ZBTransition;
			sourceTree = "<group>";
		};
		091C48831C72BF8900859CFC /* Supporting Files */ = {
			isa = PBXGroup;
			children = (
				091C48841C72BF8900859CFC /* main.m */,
			);
			name = "Supporting Files";
			sourceTree = "<group>";
		};
		091C48941C72BFAF00859CFC /* PureLayout */ = {
			isa = PBXGroup;
			children = (
				091C48951C72BFBB00859CFC /* ALView+PureLayout.h */,
				091C48961C72BFBB00859CFC /* ALView+PureLayout.m */,
				091C48971C72BFBB00859CFC /* NSArray+PureLayout.h */,
				091C48981C72BFBB00859CFC /* NSArray+PureLayout.m */,
				091C48991C72BFBB00859CFC /* NSLayoutConstraint+PureLayout.h */,
				091C489A1C72BFBB00859CFC /* NSLayoutConstraint+PureLayout.m */,
				091C489B1C72BFBB00859CFC /* PureLayout.h */,
				091C489C1C72BFBB00859CFC /* PureLayout+Internal.h */,
				091C489D1C72BFBB00859CFC /* PureLayoutDefines.h */,
			);
			name = PureLayout;
			sourceTree = "<group>";
		};
		091E76FC1C7309C200FFDF72 /* Custom Presentation */ = {
			isa = PBXGroup;
			children = (
				091E77001C730A1400FFDF72 /* CustomPresentationFirstViewController.h */,
				091E77011C730A1400FFDF72 /* CustomPresentationFirstViewController.m */,
				091E77031C730A2100FFDF72 /* CustomPresentationSecondViewController.h */,
				091E77041C730A2100FFDF72 /* CustomPresentationSecondViewController.m */,
				091E77061C730A4300FFDF72 /* CustomPresentationController.h */,
				091E77071C730A4300FFDF72 /* CustomPresentationController.m */,
				09495FDA1C741229001CAEC8 /* AAPLCustomPresentationController.h */,
				09495FDB1C741229001CAEC8 /* AAPLCustomPresentationController.m */,
			);
			name = "Custom Presentation";
			sourceTree = "<group>";
		};
		09BF0DF51C72CB6B00CF5300 /* CrossDissolve */ = {
			isa = PBXGroup;
			children = (
				09BF0DE91C72C37500CF5300 /* CrossDissolveFirstViewController.h */,
				09BF0DEA1C72C37500CF5300 /* CrossDissolveFirstViewController.m */,
				09BF0DEC1C72C38300CF5300 /* CrossDissolveSecondViewController.h */,
				09BF0DED1C72C38300CF5300 /* CrossDissolveSecondViewController.m */,
				09BF0DF21C72C78B00CF5300 /* CrossDissolveTransitionAnimator.h */,
				09BF0DF31C72C78B00CF5300 /* CrossDissolveTransitionAnimator.m */,
			);
			name = CrossDissolve;
			sourceTree = "<group>";
		};
		09BF0E001C72CCF000CF5300 /* Swipe */ = {
			isa = PBXGroup;
			children = (
				09BF0DF71C72CCC600CF5300 /* SwipeFirstViewController.h */,
				09BF0DF81C72CCC600CF5300 /* SwipeFirstViewController.m */,
				09BF0DFA1C72CCD500CF5300 /* SwipeSecondViewController.h */,
				09BF0DFB1C72CCD500CF5300 /* SwipeSecondViewController.m */,
				09BF0DFD1C72CCE900CF5300 /* SwipeAnimator.h */,
				09BF0DFE1C72CCE900CF5300 /* SwipeAnimator.m */,
				09BF0E011C72CD8D00CF5300 /* SwipeTransitionDelegate.h */,
				09BF0E021C72CD8D00CF5300 /* SwipeTransitionDelegate.m */,
				09BF0E041C72CDBD00CF5300 /* SwipeTransitionInteractionController.h */,
				09BF0E051C72CDBD00CF5300 /* SwipeTransitionInteractionController.m */,
			);
			name = Swipe;
			sourceTree = "<group>";
		};
/* End PBXGroup section */

/* Begin PBXNativeTarget section */
		091C487F1C72BF8900859CFC /* ZBTransition */ = {
			isa = PBXNativeTarget;
			buildConfigurationList = 091C48911C72BF8900859CFC /* Build configuration list for PBXNativeTarget "ZBTransition" */;
			buildPhases = (
				091C487C1C72BF8900859CFC /* Sources */,
				091C487D1C72BF8900859CFC /* Frameworks */,
				091C487E1C72BF8900859CFC /* Resources */,
			);
			buildRules = (
			);
			dependencies = (
			);
			name = ZBTransition;
			productName = ZBTransition;
			productReference = 091C48801C72BF8900859CFC /* ZBTransition.app */;
			productType = "com.apple.product-type.application";
		};
/* End PBXNativeTarget section */

/* Begin PBXProject section */
		091C48781C72BF8900859CFC /* Project object */ = {
			isa = PBXProject;
			attributes = {
				LastUpgradeCheck = 0720;
				ORGANIZATIONNAME = WuZhengBin;
				TargetAttributes = {
					091C487F1C72BF8900859CFC = {
						CreatedOnToolsVersion = 7.2.1;
					};
				};
			};
			buildConfigurationList = 091C487B1C72BF8900859CFC /* Build configuration list for PBXProject "ZBTransition" */;
			compatibilityVersion = "Xcode 3.2";
			developmentRegion = English;
			hasScannedForEncodings = 0;
			knownRegions = (
				en,
				Base,
			);
			mainGroup = 091C48771C72BF8900859CFC;
			productRefGroup = 091C48811C72BF8900859CFC /* Products */;
			projectDirPath = "";
			projectRoot = "";
			targets = (
				091C487F1C72BF8900859CFC /* ZBTransition */,
			);
		};
/* End PBXProject section */

/* Begin PBXResourcesBuildPhase section */
		091C487E1C72BF8900859CFC /* Resources */ = {
			isa = PBXResourcesBuildPhase;
			buildActionMask = 2147483647;
			files = (
				091C488A1C72BF8900859CFC /* Assets.xcassets in Resources */,
				091C488D1C72BF8900859CFC /* LaunchScreen.storyboard in Resources */,
			);
			runOnlyForDeploymentPostprocessing = 0;
		};
/* End PBXResourcesBuildPhase section */

/* Begin PBXSourcesBuildPhase section */
		091C487C1C72BF8900859CFC /* Sources */ = {
			isa = PBXSourcesBuildPhase;
			buildActionMask = 2147483647;
			files = (
				091E77051C730A2100FFDF72 /* CustomPresentationSecondViewController.m in Sources */,
				091E77021C730A1400FFDF72 /* CustomPresentationFirstViewController.m in Sources */,
				09BF0E031C72CD8D00CF5300 /* SwipeTransitionDelegate.m in Sources */,
				09BF0DF91C72CCC600CF5300 /* SwipeFirstViewController.m in Sources */,
				09BF0DFC1C72CCD500CF5300 /* SwipeSecondViewController.m in Sources */,
				091C489F1C72BFBB00859CFC /* NSArray+PureLayout.m in Sources */,
				091C48A01C72BFBB00859CFC /* NSLayoutConstraint+PureLayout.m in Sources */,
				091C48A31C72BFCE00859CFC /* MainTableViewController.m in Sources */,
				091C48881C72BF8900859CFC /* AppDelegate.m in Sources */,
				09BF0DEE1C72C38300CF5300 /* CrossDissolveSecondViewController.m in Sources */,
				091E77081C730A4300FFDF72 /* CustomPresentationController.m in Sources */,
				09BF0E061C72CDBD00CF5300 /* SwipeTransitionInteractionController.m in Sources */,
				09BF0DFF1C72CCE900CF5300 /* SwipeAnimator.m in Sources */,
				09495FDC1C741229001CAEC8 /* AAPLCustomPresentationController.m in Sources */,
				091C489E1C72BFBB00859CFC /* ALView+PureLayout.m in Sources */,
				09BF0DEB1C72C37500CF5300 /* CrossDissolveFirstViewController.m in Sources */,
				091C48851C72BF8900859CFC /* main.m in Sources */,
				09BF0DF41C72C78B00CF5300 /* CrossDissolveTransitionAnimator.m in Sources */,
			);
			runOnlyForDeploymentPostprocessing = 0;
		};
/* End PBXSourcesBuildPhase section */

/* Begin PBXVariantGroup section */
		091C488B1C72BF8900859CFC /* LaunchScreen.storyboard */ = {
			isa = PBXVariantGroup;
			children = (
				091C488C1C72BF8900859CFC /* Base */,
			);
			name = LaunchScreen.storyboard;
			sourceTree = "<group>";
		};
/* End PBXVariantGroup section */

/* Begin XCBuildConfiguration section */
		091C488F1C72BF8900859CFC /* Debug */ = {
			isa = XCBuildConfiguration;
			buildSettings = {
				ALWAYS_SEARCH_USER_PATHS = NO;
				CLANG_CXX_LANGUAGE_STANDARD = "gnu++0x";
				CLANG_CXX_LIBRARY = "libc++";
				CLANG_ENABLE_MODULES = YES;
				CLANG_ENABLE_OBJC_ARC = YES;
				CLANG_WARN_BOOL_CONVERSION = YES;
				CLANG_WARN_CONSTANT_CONVERSION = YES;
				CLANG_WARN_DIRECT_OBJC_ISA_USAGE = YES_ERROR;
				CLANG_WARN_EMPTY_BODY = YES;
				CLANG_WARN_ENUM_CONVERSION = YES;
				CLANG_WARN_INT_CONVERSION = YES;
				CLANG_WARN_OBJC_ROOT_CLASS = YES_ERROR;
				CLANG_WARN_UNREACHABLE_CODE = YES;
				CLANG_WARN__DUPLICATE_METHOD_MATCH = YES;
				"CODE_SIGN_IDENTITY[sdk=iphoneos*]" = "iPhone Developer";
				COPY_PHASE_STRIP = NO;
				DEBUG_INFORMATION_FORMAT = dwarf;
				ENABLE_STRICT_OBJC_MSGSEND = YES;
				ENABLE_TESTABILITY = YES;
				GCC_C_LANGUAGE_STANDARD = gnu99;
				GCC_DYNAMIC_NO_PIC = NO;
				GCC_NO_COMMON_BLOCKS = YES;
				GCC_OPTIMIZATION_LEVEL = 0;
				GCC_PREPROCESSOR_DEFINITIONS = (
					"DEBUG=1",
					"$(inherited)",
				);
				GCC_WARN_64_TO_32_BIT_CONVERSION = YES;
				GCC_WARN_ABOUT_RETURN_TYPE = YES_ERROR;
				GCC_WARN_UNDECLARED_SELECTOR = YES;
				GCC_WARN_UNINITIALIZED_AUTOS = YES_AGGRESSIVE;
				GCC_WARN_UNUSED_FUNCTION = YES;
				GCC_WARN_UNUSED_VARIABLE = YES;
				IPHONEOS_DEPLOYMENT_TARGET = 9.2;
				MTL_ENABLE_DEBUG_INFO = YES;
				ONLY_ACTIVE_ARCH = YES;
				SDKROOT = iphoneos;
			};
			name = Debug;
		};
		091C48901C72BF8900859CFC /* Release */ = {
			isa = XCBuildConfiguration;
			buildSettings = {
				ALWAYS_SEARCH_USER_PATHS = NO;
				CLANG_CXX_LANGUAGE_STANDARD = "gnu++0x";
				CLANG_CXX_LIBRARY = "libc++";
				CLANG_ENABLE_MODULES = YES;
				CLANG_ENABLE_OBJC_ARC = YES;
				CLANG_WARN_BOOL_CONVERSION = YES;
				CLANG_WARN_CONSTANT_CONVERSION = YES;
				CLANG_WARN_DIRECT_OBJC_ISA_USAGE = YES_ERROR;
				CLANG_WARN_EMPTY_BODY = YES;
				CLANG_WARN_ENUM_CONVERSION = YES;
				CLANG_WARN_INT_CONVERSION = YES;
				CLANG_WARN_OBJC_ROOT_CLASS = YES_ERROR;
				CLANG_WARN_UNREACHABLE_CODE = YES;
				CLANG_WARN__DUPLICATE_METHOD_MATCH = YES;
				"CODE_SIGN_IDENTITY[sdk=iphoneos*]" = "iPhone Developer";
				COPY_PHASE_STRIP = NO;
				DEBUG_INFORMATION_FORMAT = "dwarf-with-dsym";
				ENABLE_NS_ASSERTIONS = NO;
				ENABLE_STRICT_OBJC_MSGSEND = YES;
				GCC_C_LANGUAGE_STANDARD = gnu99;
				GCC_NO_COMMON_BLOCKS = YES;
				GCC_WARN_64_TO_32_BIT_CONVERSION = YES;
				GCC_WARN_ABOUT_RETURN_TYPE = YES_ERROR;
				GCC_WARN_UNDECLARED_SELECTOR = YES;
				GCC_WARN_UNINITIALIZED_AUTOS = YES_AGGRESSIVE;
				GCC_WARN_UNUSED_FUNCTION = YES;
				GCC_WARN_UNUSED_VARIABLE = YES;
				IPHONEOS_DEPLOYMENT_TARGET = 9.2;
				MTL_ENABLE_DEBUG_INFO = NO;
				SDKROOT = iphoneos;
				VALIDATE_PRODUCT = YES;
			};
			name = Release;
		};
		091C48921C72BF8900859CFC /* Debug */ = {
			isa = XCBuildConfiguration;
			buildSettings = {
				ASSETCATALOG_COMPILER_APPICON_NAME = AppIcon;
				INFOPLIST_FILE = ZBTransition/Info.plist;
				LD_RUNPATH_SEARCH_PATHS = "$(inherited) @executable_path/Frameworks";
				PRODUCT_BUNDLE_IDENTIFIER = com.shuyin.ZBTransition;
				PRODUCT_NAME = "$(TARGET_NAME)";
			};
			name = Debug;
		};
		091C48931C72BF8900859CFC /* Release */ = {
			isa = XCBuildConfiguration;
			buildSettings = {
				ASSETCATALOG_COMPILER_APPICON_NAME = AppIcon;
				INFOPLIST_FILE = ZBTransition/Info.plist;
				LD_RUNPATH_SEARCH_PATHS = "$(inherited) @executable_path/Frameworks";
				PRODUCT_BUNDLE_IDENTIFIER = com.shuyin.ZBTransition;
				PRODUCT_NAME = "$(TARGET_NAME)";
			};
			name = Release;
		};
/* End XCBuildConfiguration section */

/* Begin XCConfigurationList section */
		091C487B1C72BF8900859CFC /* Build configuration list for PBXProject "ZBTransition" */ = {
			isa = XCConfigurationList;
			buildConfigurations = (
				091C488F1C72BF8900859CFC /* Debug */,
				091C48901C72BF8900859CFC /* Release */,
			);
			defaultConfigurationIsVisible = 0;
			defaultConfigurationName = Release;
		};
		091C48911C72BF8900859CFC /* Build configuration list for PBXNativeTarget "ZBTransition" */ = {
			isa = XCConfigurationList;
			buildConfigurations = (
				091C48921C72BF8900859CFC /* Debug */,
				091C48931C72BF8900859CFC /* Release */,
			);
			defaultConfigurationIsVisible = 0;
			defaultConfigurationName = Release;
		};
/* End XCConfigurationList section */
	};
	rootObject = 091C48781C72BF8900859CFC /* Project object */;
}
